
Microsoft Visual Studio Solution File, Format Version 12.00
# Visual Studio Version 17
VisualStudioVersion = 17.9.34728.123
MinimumVisualStudioVersion = 10.0.40219.1
Project("{FAE04EC0-301F-11D3-BF4B-00C04F79EFBC}") = "Tareas", "Tareas.csproj", "{5D5F28CE-EB65-4E74-A1B2-07CF120478F9}"
EndProject
Global
	GlobalSection(SolutionConfigurationPlatforms) = preSolution
		Debug|Any CPU = Debug|Any CPU
		Release|Any CPU = Release|Any CPU
	EndGlobalSection
	GlobalSection(ProjectConfigurationPlatforms) = postSolution
		{5D5F28CE-EB65-4E74-A1B2-07CF120478F9}.Debug|Any CPU.ActiveCfg = Debug|Any CPU
		{5D5F28CE-EB65-4E74-A1B2-07CF120478F9}.Debug|Any CPU.Build.0 = Debug|Any CPU
		{5D5F28CE-EB65-4E74-A1B2-07CF120478F9}.Release|Any CPU.ActiveCfg = Release|Any CPU
		{5D5F28CE-EB65-4E74-A1B2-07CF120478F9}.Release|Any CPU.Build.0 = Release|Any CPU
	EndGlobalSection
	GlobalSection(SolutionProperties) = preSolution
		HideSolutionNode = FALSE
	EndGlobalSection
	GlobalSection(ExtensibilityGlobals) = postSolution
		SolutionGuid = {917769B0-AAD4-4E1E-A155-82974D5259E0}
	EndGlobalSection
EndGlobal
